
Microsoft Visual Studio Solution File, Format Version 12.00
# Visual Studio Version 17
VisualStudioVersion = 17.14.36310.24 d17.14
MinimumVisualStudioVersion = 10.0.40219.1
Project("{FAE04EC0-301F-11D3-BF4B-00C04F79EFBC}") = "JwtAuth", "JwtAuth\JwtAuth.csproj", "{81297E58-3321-4652-9956-210BAC885A8D}"
EndProject
Global
	GlobalSection(SolutionConfigurationPlatforms) = preSolution
		Debug|Any CPU = Debug|Any CPU
		Release|Any CPU = Release|Any CPU
	EndGlobalSection
	GlobalSection(ProjectConfigurationPlatforms) = postSolution
		{81297E58-3321-4652-9956-210BAC885A8D}.Debug|Any CPU.ActiveCfg = Debug|Any CPU
		{81297E58-3321-4652-9956-210BAC885A8D}.Debug|Any CPU.Build.0 = Debug|Any CPU
		{81297E58-3321-4652-9956-210BAC885A8D}.Release|Any CPU.ActiveCfg = Release|Any CPU
		{81297E58-3321-4652-9956-210BAC885A8D}.Release|Any CPU.Build.0 = Release|Any CPU
	EndGlobalSection
	GlobalSection(SolutionProperties) = preSolution
		HideSolutionNode = FALSE
	EndGlobalSection
	GlobalSection(ExtensibilityGlobals) = postSolution
		SolutionGuid = {A4A48DB4-1A5A-43B7-9201-0483B7B8C5FE}
	EndGlobalSection
EndGlobal
